
Microsoft Visual Studio Solution File, Format Version 12.00
# Visual Studio 15
VisualStudioVersion = 15.0.26730.12
MinimumVisualStudioVersion = 10.0.40219.1
Project("{FAE04EC0-301F-11D3-BF4B-00C04F79EFBC}") = "Genau.Net", "Genau.Net\Genau.Net.csproj", "{B9D0D782-3BAB-4B23-9C5A-A722CDC0D89E}"
EndProject
Global
	GlobalSection(SolutionConfigurationPlatforms) = preSolution
		Debug|Any CPU = Debug|Any CPU
		Release|Any CPU = Release|Any CPU
	EndGlobalSection
	GlobalSection(ProjectConfigurationPlatforms) = postSolution
		{B9D0D782-3BAB-4B23-9C5A-A722CDC0D89E}.Debug|Any CPU.ActiveCfg = Debug|Any CPU
		{B9D0D782-3BAB-4B23-9C5A-A722CDC0D89E}.Debug|Any CPU.Build.0 = Debug|Any CPU
		{B9D0D782-3BAB-4B23-9C5A-A722CDC0D89E}.Release|Any CPU.ActiveCfg = Release|Any CPU
		{B9D0D782-3BAB-4B23-9C5A-A722CDC0D89E}.Release|Any CPU.Build.0 = Release|Any CPU
	EndGlobalSection
	GlobalSection(SolutionProperties) = preSolution
		HideSolutionNode = FALSE
	EndGlobalSection
	GlobalSection(ExtensibilityGlobals) = postSolution
		SolutionGuid = {A6072D95-A45C-4C7C-B96F-0E22327D259F}
	EndGlobalSection
EndGlobal
