
Microsoft Visual Studio Solution File, Format Version 12.00
# Visual Studio 15
VisualStudioVersion = 15.0.26730.12
MinimumVisualStudioVersion = 10.0.40219.1
Project("{FAE04EC0-301F-11D3-BF4B-00C04F79EFBC}") = "Genau", "Genau\Genau.csproj", "{B9D0D782-3BAB-4B23-9C5A-A722CDC0D89E}"
EndProject
Project("{FAE04EC0-301F-11D3-BF4B-00C04F79EFBC}") = "Genau.Test", "Genau.Test\Genau.Test.csproj", "{2032A11A-5C93-4055-9088-45C48263C152}"
EndProject
Global
	GlobalSection(SolutionConfigurationPlatforms) = preSolution
		Debug|Any CPU = Debug|Any CPU
		Release|Any CPU = Release|Any CPU
		Debug|x64 = Debug|x64
		Debug|x86 = Debug|x86
		Release|x64 = Release|x64
		Release|x86 = Release|x86
	EndGlobalSection
	GlobalSection(ProjectConfigurationPlatforms) = postSolution
		{B9D0D782-3BAB-4B23-9C5A-A722CDC0D89E}.Debug|Any CPU.ActiveCfg = Debug|Any CPU
		{B9D0D782-3BAB-4B23-9C5A-A722CDC0D89E}.Debug|Any CPU.Build.0 = Debug|Any CPU
		{B9D0D782-3BAB-4B23-9C5A-A722CDC0D89E}.Release|Any CPU.ActiveCfg = Release|Any CPU
		{B9D0D782-3BAB-4B23-9C5A-A722CDC0D89E}.Release|Any CPU.Build.0 = Release|Any CPU
		{2032A11A-5C93-4055-9088-45C48263C152}.Debug|Any CPU.ActiveCfg = Debug|Any CPU
		{2032A11A-5C93-4055-9088-45C48263C152}.Debug|Any CPU.Build.0 = Debug|Any CPU
		{2032A11A-5C93-4055-9088-45C48263C152}.Debug|x64.ActiveCfg = Debug|x64
		{2032A11A-5C93-4055-9088-45C48263C152}.Debug|x64.Build.0 = Debug|x64
		{2032A11A-5C93-4055-9088-45C48263C152}.Debug|x86.ActiveCfg = Debug|x86
		{2032A11A-5C93-4055-9088-45C48263C152}.Debug|x86.Build.0 = Debug|x86
		{2032A11A-5C93-4055-9088-45C48263C152}.Release|Any CPU.ActiveCfg = Release|Any CPU
		{2032A11A-5C93-4055-9088-45C48263C152}.Release|Any CPU.Build.0 = Release|Any CPU
		{2032A11A-5C93-4055-9088-45C48263C152}.Release|x64.ActiveCfg = Release|x64
		{2032A11A-5C93-4055-9088-45C48263C152}.Release|x64.Build.0 = Release|x64
		{2032A11A-5C93-4055-9088-45C48263C152}.Release|x86.ActiveCfg = Release|x86
		{2032A11A-5C93-4055-9088-45C48263C152}.Release|x86.Build.0 = Release|x86
	EndGlobalSection
	GlobalSection(SolutionProperties) = preSolution
		HideSolutionNode = FALSE
	EndGlobalSection
	GlobalSection(ExtensibilityGlobals) = postSolution
		SolutionGuid = {A6072D95-A45C-4C7C-B96F-0E22327D259F}
	EndGlobalSection
EndGlobal
